
Microsoft Visual Studio Solution File, Format Version 12.00
# Visual Studio 14
VisualStudioVersion = 14.0.25123.0
MinimumVisualStudioVersion = 10.0.40219.1
Project("{FAE04EC0-301F-11D3-BF4B-00C04F79EFBC}") = "CustomActionScriptCSSInject", "CustomActionScriptCSSInject\CustomActionScriptCSSInject.csproj", "{0591FB3A-DC19-4892-8701-31C993404250}"
EndProject
Project("{FAE04EC0-301F-11D3-BF4B-00C04F79EFBC}") = "ClientAppAuthenticate", "ClientAppAuthenticate\ClientAppAuthenticate.csproj", "{C2AFCB51-0C61-4FE3-9272-7C3C1E28FA4B}"
EndProject
Project("{FAE04EC0-301F-11D3-BF4B-00C04F79EFBC}") = "WebCreateAndSetup", "WebCreateAndSetup\WebCreateAndSetup.csproj", "{2A1B5487-88CB-4922-99B9-4F28A06684C3}"
EndProject
Project("{FAE04EC0-301F-11D3-BF4B-00C04F79EFBC}") = "UserProfileCode", "UserProfileCode\UserProfileCode.csproj", "{DF0C41B7-FE8A-47D0-BA83-144C4F17ECAB}"
EndProject
Project("{FAE04EC0-301F-11D3-BF4B-00C04F79EFBC}") = "AdvancedProjectSiteSetup", "AdvancedProjectSiteSetup\AdvancedProjectSiteSetup.csproj", "{D95AFCB0-150B-43C2-96B5-82E2190066D2}"
EndProject
Project("{FAE04EC0-301F-11D3-BF4B-00C04F79EFBC}") = "DownloadUploadClientFile", "DownloadUploadClientFile\Common.DownloadUploadClientFile\DownloadUploadClientFile.csproj", "{6E20BB1E-F1FA-4F9A-8D2B-2273D58D4F5F}"
EndProject
Global
	GlobalSection(SolutionConfigurationPlatforms) = preSolution
		Debug|Any CPU = Debug|Any CPU
		Release|Any CPU = Release|Any CPU
	EndGlobalSection
	GlobalSection(ProjectConfigurationPlatforms) = postSolution
		{0591FB3A-DC19-4892-8701-31C993404250}.Debug|Any CPU.ActiveCfg = Debug|Any CPU
		{0591FB3A-DC19-4892-8701-31C993404250}.Debug|Any CPU.Build.0 = Debug|Any CPU
		{0591FB3A-DC19-4892-8701-31C993404250}.Release|Any CPU.ActiveCfg = Release|Any CPU
		{0591FB3A-DC19-4892-8701-31C993404250}.Release|Any CPU.Build.0 = Release|Any CPU
		{C2AFCB51-0C61-4FE3-9272-7C3C1E28FA4B}.Debug|Any CPU.ActiveCfg = Debug|Any CPU
		{C2AFCB51-0C61-4FE3-9272-7C3C1E28FA4B}.Debug|Any CPU.Build.0 = Debug|Any CPU
		{C2AFCB51-0C61-4FE3-9272-7C3C1E28FA4B}.Release|Any CPU.ActiveCfg = Release|Any CPU
		{C2AFCB51-0C61-4FE3-9272-7C3C1E28FA4B}.Release|Any CPU.Build.0 = Release|Any CPU
		{2A1B5487-88CB-4922-99B9-4F28A06684C3}.Debug|Any CPU.ActiveCfg = Debug|Any CPU
		{2A1B5487-88CB-4922-99B9-4F28A06684C3}.Debug|Any CPU.Build.0 = Debug|Any CPU
		{2A1B5487-88CB-4922-99B9-4F28A06684C3}.Release|Any CPU.ActiveCfg = Release|Any CPU
		{2A1B5487-88CB-4922-99B9-4F28A06684C3}.Release|Any CPU.Build.0 = Release|Any CPU
		{DF0C41B7-FE8A-47D0-BA83-144C4F17ECAB}.Debug|Any CPU.ActiveCfg = Debug|Any CPU
		{DF0C41B7-FE8A-47D0-BA83-144C4F17ECAB}.Debug|Any CPU.Build.0 = Debug|Any CPU
		{DF0C41B7-FE8A-47D0-BA83-144C4F17ECAB}.Release|Any CPU.ActiveCfg = Release|Any CPU
		{DF0C41B7-FE8A-47D0-BA83-144C4F17ECAB}.Release|Any CPU.Build.0 = Release|Any CPU
		{D95AFCB0-150B-43C2-96B5-82E2190066D2}.Debug|Any CPU.ActiveCfg = Debug|Any CPU
		{D95AFCB0-150B-43C2-96B5-82E2190066D2}.Debug|Any CPU.Build.0 = Debug|Any CPU
		{D95AFCB0-150B-43C2-96B5-82E2190066D2}.Release|Any CPU.ActiveCfg = Release|Any CPU
		{D95AFCB0-150B-43C2-96B5-82E2190066D2}.Release|Any CPU.Build.0 = Release|Any CPU
		{6E20BB1E-F1FA-4F9A-8D2B-2273D58D4F5F}.Debug|Any CPU.ActiveCfg = Debug|Any CPU
		{6E20BB1E-F1FA-4F9A-8D2B-2273D58D4F5F}.Debug|Any CPU.Build.0 = Debug|Any CPU
		{6E20BB1E-F1FA-4F9A-8D2B-2273D58D4F5F}.Release|Any CPU.ActiveCfg = Release|Any CPU
		{6E20BB1E-F1FA-4F9A-8D2B-2273D58D4F5F}.Release|Any CPU.Build.0 = Release|Any CPU
	EndGlobalSection
	GlobalSection(SolutionProperties) = preSolution
		HideSolutionNode = FALSE
	EndGlobalSection
EndGlobal
